
Microsoft Visual Studio Solution File, Format Version 12.00
# Visual Studio Version 16
VisualStudioVersion = 16.0.31605.320
MinimumVisualStudioVersion = 10.0.40219.1
Project("{9A19103F-16F7-4668-BE54-9A1E7A4F7556}") = "McsUnaApp.Server", "McsUnaApp\Server\McsUnaApp.Server.csproj", "{B7DCB5A9-469A-4D09-AC9A-E3C157B938A3}"
EndProject
Project("{9A19103F-16F7-4668-BE54-9A1E7A4F7556}") = "McsUnaApp.Client", "McsUnaApp\Client\McsUnaApp.Client.csproj", "{5F828E05-EDDE-4DB5-855D-5CE410DCA7C2}"
EndProject
Project("{9A19103F-16F7-4668-BE54-9A1E7A4F7556}") = "McsUnaApp.Shared", "McsUnaApp\Shared\McsUnaApp.Shared.csproj", "{DBD8F635-1FE5-4F79-8DAE-12FAF2337D15}"
EndProject
Project("{2150E333-8FDC-42A3-9474-1A3956D46DE8}") = "1. Presentation Layer", "1. Presentation Layer", "{181C8DA1-4CAF-49AF-B5C7-1A356111D9BD}"
EndProject
Project("{2150E333-8FDC-42A3-9474-1A3956D46DE8}") = "2.Client", "2.Client", "{603C34F7-6B61-4835-B1D2-37C2504D027C}"
EndProject
Project("{2150E333-8FDC-42A3-9474-1A3956D46DE8}") = "3.Server", "3.Server", "{89E22EEE-3985-4D48-B7AA-395A7BC7ED0F}"
EndProject
Project("{2150E333-8FDC-42A3-9474-1A3956D46DE8}") = "4.Core", "4.Core", "{84CF813A-2D10-454D-9DAF-709C1F3E7B60}"
EndProject
Project("{2150E333-8FDC-42A3-9474-1A3956D46DE8}") = "5.Business Layer", "5.Business Layer", "{D5CE0DE8-7CA4-4628-BFF2-BE613B159EC3}"
EndProject
Project("{2150E333-8FDC-42A3-9474-1A3956D46DE8}") = "6.Resource Access", "6.Resource Access", "{9536F434-B6AB-42BD-AF85-164B596F549A}"
EndProject
Project("{2150E333-8FDC-42A3-9474-1A3956D46DE8}") = "7.Error Logger", "7.Error Logger", "{CFEF403A-A89C-4C42-A3A0-DFA278A7A73F}"
EndProject
Project("{2150E333-8FDC-42A3-9474-1A3956D46DE8}") = "8.Database", "8.Database", "{5B9E10D8-A261-46C7-A6DC-8FA2AA30B560}"
EndProject
Project("{9A19103F-16F7-4668-BE54-9A1E7A4F7556}") = "McsUnaApp.Client.Contracts", "McsUnaApp.Client.Contracts\McsUnaApp.Client.Contracts.csproj", "{3ADE8ED5-2727-47D5-A9F3-4CCA0A0920E4}"
EndProject
Project("{9A19103F-16F7-4668-BE54-9A1E7A4F7556}") = "McsUnaApp.Client.Entities", "McsUnaApp.Client.Entities\McsUnaApp.Client.Entities.csproj", "{55A98785-DD0A-414E-899C-397CBD9C3304}"
EndProject
Project("{9A19103F-16F7-4668-BE54-9A1E7A4F7556}") = "McsUnaApp.Client.Services", "McsUnaApp.Client.Services\McsUnaApp.Client.Services.csproj", "{72248A2E-076D-41E5-A916-A0606483CAFA}"
EndProject
Project("{9A19103F-16F7-4668-BE54-9A1E7A4F7556}") = "Core.Common", "Core.Common\Core.Common.csproj", "{5C7799C9-5F20-4173-A6E5-A304241521E5}"
EndProject
Project("{9A19103F-16F7-4668-BE54-9A1E7A4F7556}") = "Core.Contracts", "Core.Contracts\Core.Contracts.csproj", "{15E468F8-AA21-4DBF-B052-53DADF2E21F9}"
EndProject
Project("{9A19103F-16F7-4668-BE54-9A1E7A4F7556}") = "McsUnaApp.Business", "McsUnaApp.Business\McsUnaApp.Business.csproj", "{C76521B8-874A-4662-B3A5-2DA428B05E88}"
EndProject
Project("{9A19103F-16F7-4668-BE54-9A1E7A4F7556}") = "McsUnaApp.Business.Entities", "McsUnaApp.Business.Entities\McsUnaApp.Business.Entities.csproj", "{D1FDF670-593C-4E2C-8610-41B46F2A501E}"
EndProject
Project("{9A19103F-16F7-4668-BE54-9A1E7A4F7556}") = "McsUnaApp.Data", "McsUnaApp.Data\McsUnaApp.Data.csproj", "{EDF0B66A-D24A-4462-A18A-12DD45D67D08}"
EndProject
Project("{9A19103F-16F7-4668-BE54-9A1E7A4F7556}") = "McsUnaApp.Data.Contracts", "McsUnaApp.Data.Contracts\McsUnaApp.Data.Contracts.csproj", "{89340D62-4026-4AFF-B20A-7367796234A6}"
EndProject
Project("{9A19103F-16F7-4668-BE54-9A1E7A4F7556}") = "McsUnaApp.Data.DbObjects", "McsUnaApp.Data.DbObjects\McsUnaApp.Data.DbObjects.csproj", "{C46A394F-91F4-455F-80D1-B5DDA1BEFA2F}"
EndProject
Project("{9A19103F-16F7-4668-BE54-9A1E7A4F7556}") = "McsUnaApp.Data.Mapper", "McsUnaApp.Data.Mapper\McsUnaApp.Data.Mapper.csproj", "{84A0A51B-8C8E-404D-AE3E-1F4BEBAA8C76}"
EndProject
Global
	GlobalSection(SolutionConfigurationPlatforms) = preSolution
		Debug|Any CPU = Debug|Any CPU
		Release|Any CPU = Release|Any CPU
	EndGlobalSection
	GlobalSection(ProjectConfigurationPlatforms) = postSolution
		{B7DCB5A9-469A-4D09-AC9A-E3C157B938A3}.Debug|Any CPU.ActiveCfg = Debug|Any CPU
		{B7DCB5A9-469A-4D09-AC9A-E3C157B938A3}.Debug|Any CPU.Build.0 = Debug|Any CPU
		{B7DCB5A9-469A-4D09-AC9A-E3C157B938A3}.Release|Any CPU.ActiveCfg = Release|Any CPU
		{B7DCB5A9-469A-4D09-AC9A-E3C157B938A3}.Release|Any CPU.Build.0 = Release|Any CPU
		{5F828E05-EDDE-4DB5-855D-5CE410DCA7C2}.Debug|Any CPU.ActiveCfg = Debug|Any CPU
		{5F828E05-EDDE-4DB5-855D-5CE410DCA7C2}.Debug|Any CPU.Build.0 = Debug|Any CPU
		{5F828E05-EDDE-4DB5-855D-5CE410DCA7C2}.Release|Any CPU.ActiveCfg = Release|Any CPU
		{5F828E05-EDDE-4DB5-855D-5CE410DCA7C2}.Release|Any CPU.Build.0 = Release|Any CPU
		{DBD8F635-1FE5-4F79-8DAE-12FAF2337D15}.Debug|Any CPU.ActiveCfg = Debug|Any CPU
		{DBD8F635-1FE5-4F79-8DAE-12FAF2337D15}.Debug|Any CPU.Build.0 = Debug|Any CPU
		{DBD8F635-1FE5-4F79-8DAE-12FAF2337D15}.Release|Any CPU.ActiveCfg = Release|Any CPU
		{DBD8F635-1FE5-4F79-8DAE-12FAF2337D15}.Release|Any CPU.Build.0 = Release|Any CPU
		{3ADE8ED5-2727-47D5-A9F3-4CCA0A0920E4}.Debug|Any CPU.ActiveCfg = Debug|Any CPU
		{3ADE8ED5-2727-47D5-A9F3-4CCA0A0920E4}.Debug|Any CPU.Build.0 = Debug|Any CPU
		{3ADE8ED5-2727-47D5-A9F3-4CCA0A0920E4}.Release|Any CPU.ActiveCfg = Release|Any CPU
		{3ADE8ED5-2727-47D5-A9F3-4CCA0A0920E4}.Release|Any CPU.Build.0 = Release|Any CPU
		{55A98785-DD0A-414E-899C-397CBD9C3304}.Debug|Any CPU.ActiveCfg = Debug|Any CPU
		{55A98785-DD0A-414E-899C-397CBD9C3304}.Debug|Any CPU.Build.0 = Debug|Any CPU
		{55A98785-DD0A-414E-899C-397CBD9C3304}.Release|Any CPU.ActiveCfg = Release|Any CPU
		{55A98785-DD0A-414E-899C-397CBD9C3304}.Release|Any CPU.Build.0 = Release|Any CPU
		{72248A2E-076D-41E5-A916-A0606483CAFA}.Debug|Any CPU.ActiveCfg = Debug|Any CPU
		{72248A2E-076D-41E5-A916-A0606483CAFA}.Debug|Any CPU.Build.0 = Debug|Any CPU
		{72248A2E-076D-41E5-A916-A0606483CAFA}.Release|Any CPU.ActiveCfg = Release|Any CPU
		{72248A2E-076D-41E5-A916-A0606483CAFA}.Release|Any CPU.Build.0 = Release|Any CPU
		{5C7799C9-5F20-4173-A6E5-A304241521E5}.Debug|Any CPU.ActiveCfg = Debug|Any CPU
		{5C7799C9-5F20-4173-A6E5-A304241521E5}.Debug|Any CPU.Build.0 = Debug|Any CPU
		{5C7799C9-5F20-4173-A6E5-A304241521E5}.Release|Any CPU.ActiveCfg = Release|Any CPU
		{5C7799C9-5F20-4173-A6E5-A304241521E5}.Release|Any CPU.Build.0 = Release|Any CPU
		{15E468F8-AA21-4DBF-B052-53DADF2E21F9}.Debug|Any CPU.ActiveCfg = Debug|Any CPU
		{15E468F8-AA21-4DBF-B052-53DADF2E21F9}.Debug|Any CPU.Build.0 = Debug|Any CPU
		{15E468F8-AA21-4DBF-B052-53DADF2E21F9}.Release|Any CPU.ActiveCfg = Release|Any CPU
		{15E468F8-AA21-4DBF-B052-53DADF2E21F9}.Release|Any CPU.Build.0 = Release|Any CPU
		{C76521B8-874A-4662-B3A5-2DA428B05E88}.Debug|Any CPU.ActiveCfg = Debug|Any CPU
		{C76521B8-874A-4662-B3A5-2DA428B05E88}.Debug|Any CPU.Build.0 = Debug|Any CPU
		{C76521B8-874A-4662-B3A5-2DA428B05E88}.Release|Any CPU.ActiveCfg = Release|Any CPU
		{C76521B8-874A-4662-B3A5-2DA428B05E88}.Release|Any CPU.Build.0 = Release|Any CPU
		{D1FDF670-593C-4E2C-8610-41B46F2A501E}.Debug|Any CPU.ActiveCfg = Debug|Any CPU
		{D1FDF670-593C-4E2C-8610-41B46F2A501E}.Debug|Any CPU.Build.0 = Debug|Any CPU
		{D1FDF670-593C-4E2C-8610-41B46F2A501E}.Release|Any CPU.ActiveCfg = Release|Any CPU
		{D1FDF670-593C-4E2C-8610-41B46F2A501E}.Release|Any CPU.Build.0 = Release|Any CPU
		{EDF0B66A-D24A-4462-A18A-12DD45D67D08}.Debug|Any CPU.ActiveCfg = Debug|Any CPU
		{EDF0B66A-D24A-4462-A18A-12DD45D67D08}.Debug|Any CPU.Build.0 = Debug|Any CPU
		{EDF0B66A-D24A-4462-A18A-12DD45D67D08}.Release|Any CPU.ActiveCfg = Release|Any CPU
		{EDF0B66A-D24A-4462-A18A-12DD45D67D08}.Release|Any CPU.Build.0 = Release|Any CPU
		{89340D62-4026-4AFF-B20A-7367796234A6}.Debug|Any CPU.ActiveCfg = Debug|Any CPU
		{89340D62-4026-4AFF-B20A-7367796234A6}.Debug|Any CPU.Build.0 = Debug|Any CPU
		{89340D62-4026-4AFF-B20A-7367796234A6}.Release|Any CPU.ActiveCfg = Release|Any CPU
		{89340D62-4026-4AFF-B20A-7367796234A6}.Release|Any CPU.Build.0 = Release|Any CPU
		{C46A394F-91F4-455F-80D1-B5DDA1BEFA2F}.Debug|Any CPU.ActiveCfg = Debug|Any CPU
		{C46A394F-91F4-455F-80D1-B5DDA1BEFA2F}.Debug|Any CPU.Build.0 = Debug|Any CPU
		{C46A394F-91F4-455F-80D1-B5DDA1BEFA2F}.Release|Any CPU.ActiveCfg = Release|Any CPU
		{C46A394F-91F4-455F-80D1-B5DDA1BEFA2F}.Release|Any CPU.Build.0 = Release|Any CPU
		{84A0A51B-8C8E-404D-AE3E-1F4BEBAA8C76}.Debug|Any CPU.ActiveCfg = Debug|Any CPU
		{84A0A51B-8C8E-404D-AE3E-1F4BEBAA8C76}.Debug|Any CPU.Build.0 = Debug|Any CPU
		{84A0A51B-8C8E-404D-AE3E-1F4BEBAA8C76}.Release|Any CPU.ActiveCfg = Release|Any CPU
		{84A0A51B-8C8E-404D-AE3E-1F4BEBAA8C76}.Release|Any CPU.Build.0 = Release|Any CPU
	EndGlobalSection
	GlobalSection(SolutionProperties) = preSolution
		HideSolutionNode = FALSE
	EndGlobalSection
	GlobalSection(NestedProjects) = preSolution
		{B7DCB5A9-469A-4D09-AC9A-E3C157B938A3} = {89E22EEE-3985-4D48-B7AA-395A7BC7ED0F}
		{5F828E05-EDDE-4DB5-855D-5CE410DCA7C2} = {181C8DA1-4CAF-49AF-B5C7-1A356111D9BD}
		{DBD8F635-1FE5-4F79-8DAE-12FAF2337D15} = {89E22EEE-3985-4D48-B7AA-395A7BC7ED0F}
		{3ADE8ED5-2727-47D5-A9F3-4CCA0A0920E4} = {603C34F7-6B61-4835-B1D2-37C2504D027C}
		{55A98785-DD0A-414E-899C-397CBD9C3304} = {603C34F7-6B61-4835-B1D2-37C2504D027C}
		{72248A2E-076D-41E5-A916-A0606483CAFA} = {603C34F7-6B61-4835-B1D2-37C2504D027C}
		{5C7799C9-5F20-4173-A6E5-A304241521E5} = {84CF813A-2D10-454D-9DAF-709C1F3E7B60}
		{15E468F8-AA21-4DBF-B052-53DADF2E21F9} = {84CF813A-2D10-454D-9DAF-709C1F3E7B60}
		{C76521B8-874A-4662-B3A5-2DA428B05E88} = {D5CE0DE8-7CA4-4628-BFF2-BE613B159EC3}
		{D1FDF670-593C-4E2C-8610-41B46F2A501E} = {D5CE0DE8-7CA4-4628-BFF2-BE613B159EC3}
		{EDF0B66A-D24A-4462-A18A-12DD45D67D08} = {9536F434-B6AB-42BD-AF85-164B596F549A}
		{89340D62-4026-4AFF-B20A-7367796234A6} = {9536F434-B6AB-42BD-AF85-164B596F549A}
		{C46A394F-91F4-455F-80D1-B5DDA1BEFA2F} = {9536F434-B6AB-42BD-AF85-164B596F549A}
		{84A0A51B-8C8E-404D-AE3E-1F4BEBAA8C76} = {9536F434-B6AB-42BD-AF85-164B596F549A}
	EndGlobalSection
	GlobalSection(ExtensibilityGlobals) = postSolution
		SolutionGuid = {C61DA46C-48F7-4E92-92AB-E784EF9189A2}
	EndGlobalSection
EndGlobal
